
Microsoft Visual Studio Solution File, Format Version 12.00
# Visual Studio Version 16
VisualStudioVersion = 16.0.30011.22
MinimumVisualStudioVersion = 10.0.40219.1
Project("{FAE04EC0-301F-11D3-BF4B-00C04F79EFBC}") = "select-properties-from-class", "select-properties-from-class\select-properties-from-class.csproj", "{DF148A29-36CE-45D1-942F-158943367FB5}"
EndProject
Global
	GlobalSection(SolutionConfigurationPlatforms) = preSolution
		Debug|Any CPU = Debug|Any CPU
		Release|Any CPU = Release|Any CPU
	EndGlobalSection
	GlobalSection(ProjectConfigurationPlatforms) = postSolution
		{DF148A29-36CE-45D1-942F-158943367FB5}.Debug|Any CPU.ActiveCfg = Debug|Any CPU
		{DF148A29-36CE-45D1-942F-158943367FB5}.Debug|Any CPU.Build.0 = Debug|Any CPU
		{DF148A29-36CE-45D1-942F-158943367FB5}.Release|Any CPU.ActiveCfg = Release|Any CPU
		{DF148A29-36CE-45D1-942F-158943367FB5}.Release|Any CPU.Build.0 = Release|Any CPU
	EndGlobalSection
	GlobalSection(SolutionProperties) = preSolution
		HideSolutionNode = FALSE
	EndGlobalSection
	GlobalSection(ExtensibilityGlobals) = postSolution
		SolutionGuid = {6E86E2F0-2971-48E4-AF78-ADAABBBFED46}
	EndGlobalSection
EndGlobal
